{
  "name": "shortest-paths",
  "version": "0.0.1",
  "lockfileVersion": 1,
  "requires": true,
  "dependencies": {
    "@turf/destination": {
      "version": "5.1.5",
      "resolved": "https://registry.npmjs.org/@turf/destination/-/destination-5.1.5.tgz",
      "integrity": "sha1-7TU4G9zoO73cvQei4rzivd/7zCY=",
      "requires": {
        "@turf/helpers": "^5.1.5",
        "@turf/invariant": "^5.1.5"
      },
      "dependencies": {
        "@turf/helpers": {
          "version": "5.1.5",
          "resolved": "https://registry.npmjs.org/@turf/helpers/-/helpers-5.1.5.tgz",
          "integrity": "sha1-FTQFInq5M9AEpbuWQantmZ/L4M8="
        },
        "@turf/invariant": {
          "version": "5.2.0",
          "resolved": "https://registry.npmjs.org/@turf/invariant/-/invariant-5.2.0.tgz",
          "integrity": "sha1-8BUP9ykLOFd7c9CIt5MsHuCqkKc=",
          "requires": {
            "@turf/helpers": "^5.1.5"
          }
        }
      }
    },
    "@turf/distance": {
      "version": "6.0.1",
      "resolved": "https://registry.npmjs.org/@turf/distance/-/distance-6.0.1.tgz",
      "integrity": "sha512-q7t7rWIWfkg7MP1Vt4uLjSEhe5rPfCO2JjpKmk7JC+QZKEQkuvHEqy3ejW1iC7Kw5ZcZNR3qdMGGz+6HnVwqvg==",
      "requires": {
        "@turf/helpers": "6.x",
        "@turf/invariant": "6.x"
      }
    },
    "@turf/helpers": {
      "version": "6.1.4",
      "resolved": "https://registry.npmjs.org/@turf/helpers/-/helpers-6.1.4.tgz",
      "integrity": "sha512-vJvrdOZy1ngC7r3MDA7zIGSoIgyrkWcGnNIEaqn/APmw+bVLF2gAW7HIsdTxd12s5wQMqEpqIQrmrbRRZ0xC7g=="
    },
    "@turf/invariant": {
      "version": "6.1.2",
      "resolved": "https://registry.npmjs.org/@turf/invariant/-/invariant-6.1.2.tgz",
      "integrity": "sha512-WU08Ph8j0J2jVGlQCKChXoCtI50BB3yEH21V++V0T4cR1T27HKCxkehV2sYMwTierfMBgjwSwDIsxnR4/2mWXg==",
      "requires": {
        "@turf/helpers": "6.x"
      }
    },
    "@turf/line-slice-along": {
      "version": "5.1.5",
      "resolved": "https://registry.npmjs.org/@turf/line-slice-along/-/line-slice-along-5.1.5.tgz",
      "integrity": "sha1-7drQoh70efKWihG9LdcomiEy6aU=",
      "requires": {
        "@turf/bearing": "^5.1.5",
        "@turf/destination": "^5.1.5",
        "@turf/distance": "^5.1.5",
        "@turf/helpers": "^5.1.5"
      },
      "dependencies": {
        "@turf/bearing": {
          "version": "5.1.5",
          "resolved": "https://registry.npmjs.org/@turf/bearing/-/bearing-5.1.5.tgz",
          "integrity": "sha1-egt5ATbE70eX8CRjBdRcvi0ns/c=",
          "requires": {
            "@turf/helpers": "^5.1.5",
            "@turf/invariant": "^5.1.5"
          }
        },
        "@turf/distance": {
          "version": "5.1.5",
          "resolved": "https://registry.npmjs.org/@turf/distance/-/distance-5.1.5.tgz",
          "integrity": "sha1-Oc8YIEu/h1h9cH5gmmARiQkVZAk=",
          "requires": {
            "@turf/helpers": "^5.1.5",
            "@turf/invariant": "^5.1.5"
          }
        },
        "@turf/helpers": {
          "version": "5.1.5",
          "resolved": "https://registry.npmjs.org/@turf/helpers/-/helpers-5.1.5.tgz",
          "integrity": "sha1-FTQFInq5M9AEpbuWQantmZ/L4M8="
        },
        "@turf/invariant": {
          "version": "5.2.0",
          "resolved": "https://registry.npmjs.org/@turf/invariant/-/invariant-5.2.0.tgz",
          "integrity": "sha1-8BUP9ykLOFd7c9CIt5MsHuCqkKc=",
          "requires": {
            "@turf/helpers": "^5.1.5"
          }
        }
      }
    },
    "typescript": {
      "version": "3.6.4",
      "resolved": "https://registry.npmjs.org/typescript/-/typescript-3.6.4.tgz",
      "integrity": "sha512-unoCll1+l+YK4i4F8f22TaNVPRHcD9PA3yCuZ8g5e0qGqlVlJ/8FSateOLLSagn+Yg5+ZwuPkL8LFUc0Jcvksg==",
      "dev": true
    },
    "vecta": {
      "version": "0.0.4",
      "resolved": "https://registry.npmjs.org/vecta/-/vecta-0.0.4.tgz",
      "integrity": "sha512-SWFpsCPewdK5g64qg6b7AxeiKPjPT82yMa/Nm6A3tvzJi/oClxnQPDnriYPRRWTUpBONy5BfWWw0jKU7bzheAA=="
    }
  }
}
